
Microsoft Visual Studio Solution File, Format Version 12.00
# Visual Studio 15
VisualStudioVersion = 15.0.27428.1
MinimumVisualStudioVersion = 10.0.40219.1
Project("{FAE04EC0-301F-11D3-BF4B-00C04F79EFBC}") = "DNS Server v2", "DNS Server v2\DNS Server v2.csproj", "{83E9451C-6F4F-422C-91B4-AE5087801561}"
EndProject
Global
	GlobalSection(SolutionConfigurationPlatforms) = preSolution
		Debug|Any CPU = Debug|Any CPU
		Release|Any CPU = Release|Any CPU
	EndGlobalSection
	GlobalSection(ProjectConfigurationPlatforms) = postSolution
		{83E9451C-6F4F-422C-91B4-AE5087801561}.Debug|Any CPU.ActiveCfg = Debug|Any CPU
		{83E9451C-6F4F-422C-91B4-AE5087801561}.Debug|Any CPU.Build.0 = Debug|Any CPU
		{83E9451C-6F4F-422C-91B4-AE5087801561}.Release|Any CPU.ActiveCfg = Release|Any CPU
		{83E9451C-6F4F-422C-91B4-AE5087801561}.Release|Any CPU.Build.0 = Release|Any CPU
	EndGlobalSection
	GlobalSection(SolutionProperties) = preSolution
		HideSolutionNode = FALSE
	EndGlobalSection
	GlobalSection(ExtensibilityGlobals) = postSolution
		SolutionGuid = {464CE1CD-7B33-4BA3-960C-D302A74AE97A}
	EndGlobalSection
EndGlobal
